<Solution>
  <Project Path="Unity.Postprocessing.Editor.csproj" />
  <Project Path="Unity.Postprocessing.Runtime.csproj" />
  <Project Path="Assembly-CSharp.csproj" />
  <Project Path="Unity.Postprocessing.Runtime.Tests.csproj" />
  <Project Path="Unity.Postprocessing.Editor.Tests.csproj" />
</Solution>
